
Microsoft Visual Studio Solution File, Format Version 12.00
# Visual Studio Version 17
VisualStudioVersion = 17.11.35222.181
MinimumVisualStudioVersion = 10.0.40219.1
Project("{9A19103F-16F7-4668-BE54-9A1E7A4F7556}") = "Ej12_a", "Ej12\Ej12_a.csproj", "{B70ACED5-D5B6-488A-850B-7A2A5D0EA190}"
EndProject
Project("{9A19103F-16F7-4668-BE54-9A1E7A4F7556}") = "Ej13", "Ej13\Ej13.csproj", "{D7744847-389B-42B3-9EC7-71775C57203D}"
EndProject
Project("{9A19103F-16F7-4668-BE54-9A1E7A4F7556}") = "Ej14", "Ej14\Ej14.csproj", "{E4B5D7CE-37ED-4221-AF55-019F7C606933}"
EndProject
Project("{9A19103F-16F7-4668-BE54-9A1E7A4F7556}") = "EJ12_b", "EJ12_b\EJ12_b.csproj", "{C1762961-53CE-42D4-864D-5B6BD2CC3961}"
EndProject
Project("{9A19103F-16F7-4668-BE54-9A1E7A4F7556}") = "Ej12_c", "Ej12_c\Ej12_c.csproj", "{86604EEE-F87C-41E6-A4D5-ADAE9173E796}"
EndProject
Project("{9A19103F-16F7-4668-BE54-9A1E7A4F7556}") = "Ej11_a", "Ej11_a\Ej11_a.csproj", "{B7BA315B-6D75-41BD-8CCD-1AF6AC3F8657}"
EndProject
Project("{9A19103F-16F7-4668-BE54-9A1E7A4F7556}") = "Ej09", "Ej09\Ej09.csproj", "{B22B06F5-7602-4738-897A-586101AC58C2}"
EndProject
Project("{9A19103F-16F7-4668-BE54-9A1E7A4F7556}") = "Ej07", "Ej07\Ej07.csproj", "{31B4F50E-2945-4A4C-9CD6-1012A5011BCE}"
EndProject
Project("{9A19103F-16F7-4668-BE54-9A1E7A4F7556}") = "Ej06_v1", "Ej06\Ej06_v1.csproj", "{E0BDCEF7-A949-45A1-9908-97983B5B05C6}"
EndProject
Project("{9A19103F-16F7-4668-BE54-9A1E7A4F7556}") = "Ej05_v1", "Ej05\Ej05_v1.csproj", "{32318D75-288F-4FC2-9EF2-709542898AA8}"
EndProject
Project("{9A19103F-16F7-4668-BE54-9A1E7A4F7556}") = "Ej04", "Ej04\Ej04.csproj", "{55B26FE4-5E70-4A8E-AF81-25F1961D6838}"
EndProject
Project("{9A19103F-16F7-4668-BE54-9A1E7A4F7556}") = "Ej03", "Ej03\Ej03.csproj", "{AE2697B4-2A81-4805-9CA0-681ADCA70980}"
EndProject
Project("{9A19103F-16F7-4668-BE54-9A1E7A4F7556}") = "Ej02", "Ej02\Ej02.csproj", "{67EB7076-9F32-4833-9717-7FBD67FEB053}"
EndProject
Project("{9A19103F-16F7-4668-BE54-9A1E7A4F7556}") = "Ej01", "Ej01\Ej01.csproj", "{420ED3C6-2217-4D61-88F0-8BD73D7CF8A5}"
EndProject
Project("{9A19103F-16F7-4668-BE54-9A1E7A4F7556}") = "Ej05_v2", "Ej05_v2\Ej05_v2.csproj", "{8C07CE70-9FF0-4F12-855E-FAFD809928EF}"
EndProject
Project("{9A19103F-16F7-4668-BE54-9A1E7A4F7556}") = "Ej06_v2", "Ej06_v2\Ej06_v2.csproj", "{37B805EF-95FC-4872-82AC-E6D470B13C1F}"
EndProject
Project("{9A19103F-16F7-4668-BE54-9A1E7A4F7556}") = "Ej08", "Ej08\Ej08.csproj", "{08054AC9-4A4F-425C-B4EE-686FAAB2F448}"
EndProject
Project("{9A19103F-16F7-4668-BE54-9A1E7A4F7556}") = "Ej15_b", "Ej15\Ej15_b.csproj", "{462509A2-5643-4EF7-A8FA-FB3D26F9FA40}"
EndProject
Project("{9A19103F-16F7-4668-BE54-9A1E7A4F7556}") = "Ej15_a", "Ej15_aa\Ej15_a.csproj", "{FE96CEBD-0952-47CE-BECC-5A98B2C39302}"
EndProject
Project("{9A19103F-16F7-4668-BE54-9A1E7A4F7556}") = "Ej16", "EJ16\Ej16.csproj", "{7AF94DB0-6EEF-456D-98CF-ABA10D48E2F9}"
EndProject
Project("{9A19103F-16F7-4668-BE54-9A1E7A4F7556}") = "Ej17_a", "Ej17_a\Ej17_a.csproj", "{AEA44547-E6C1-4B09-BD7A-E9053A161563}"
EndProject
Project("{9A19103F-16F7-4668-BE54-9A1E7A4F7556}") = "Ej17_b", "Ej17_b\Ej17_b.csproj", "{6B4EAFBE-775C-495C-88FA-5C5CF8B5A71E}"
EndProject
Project("{FAE04EC0-301F-11D3-BF4B-00C04F79EFBC}") = "Ej18", "Ej18\Ej18.csproj", "{580112D8-7C26-45C2-A642-D6A7269752F0}"
EndProject
Project("{FAE04EC0-301F-11D3-BF4B-00C04F79EFBC}") = "Ej18_b", "Ej18_b\Ej18_b.csproj", "{E69C0A03-D039-4086-AC19-085C97AF1E20}"
EndProject
Project("{FAE04EC0-301F-11D3-BF4B-00C04F79EFBC}") = "Ej19", "Ej19\Ej19.csproj", "{A19F9A84-63C2-49D2-8710-DB4DCC728384}"
EndProject
Project("{FAE04EC0-301F-11D3-BF4B-00C04F79EFBC}") = "Ej20", "Ej20\Ej20.csproj", "{54BDB318-8BA2-4DFD-BD8B-F948D1FC26F6}"
EndProject
Project("{FAE04EC0-301F-11D3-BF4B-00C04F79EFBC}") = "Ej21", "Ej21\Ej21.csproj", "{0964341D-9700-48E9-97EC-F1C4D235EC07}"
EndProject
Global
	GlobalSection(SolutionConfigurationPlatforms) = preSolution
		Debug|Any CPU = Debug|Any CPU
		Release|Any CPU = Release|Any CPU
	EndGlobalSection
	GlobalSection(ProjectConfigurationPlatforms) = postSolution
		{B70ACED5-D5B6-488A-850B-7A2A5D0EA190}.Debug|Any CPU.ActiveCfg = Debug|Any CPU
		{B70ACED5-D5B6-488A-850B-7A2A5D0EA190}.Debug|Any CPU.Build.0 = Debug|Any CPU
		{B70ACED5-D5B6-488A-850B-7A2A5D0EA190}.Release|Any CPU.ActiveCfg = Release|Any CPU
		{B70ACED5-D5B6-488A-850B-7A2A5D0EA190}.Release|Any CPU.Build.0 = Release|Any CPU
		{D7744847-389B-42B3-9EC7-71775C57203D}.Debug|Any CPU.ActiveCfg = Debug|Any CPU
		{D7744847-389B-42B3-9EC7-71775C57203D}.Debug|Any CPU.Build.0 = Debug|Any CPU
		{D7744847-389B-42B3-9EC7-71775C57203D}.Release|Any CPU.ActiveCfg = Release|Any CPU
		{D7744847-389B-42B3-9EC7-71775C57203D}.Release|Any CPU.Build.0 = Release|Any CPU
		{E4B5D7CE-37ED-4221-AF55-019F7C606933}.Debug|Any CPU.ActiveCfg = Debug|Any CPU
		{E4B5D7CE-37ED-4221-AF55-019F7C606933}.Debug|Any CPU.Build.0 = Debug|Any CPU
		{E4B5D7CE-37ED-4221-AF55-019F7C606933}.Release|Any CPU.ActiveCfg = Release|Any CPU
		{E4B5D7CE-37ED-4221-AF55-019F7C606933}.Release|Any CPU.Build.0 = Release|Any CPU
		{C1762961-53CE-42D4-864D-5B6BD2CC3961}.Debug|Any CPU.ActiveCfg = Debug|Any CPU
		{C1762961-53CE-42D4-864D-5B6BD2CC3961}.Debug|Any CPU.Build.0 = Debug|Any CPU
		{C1762961-53CE-42D4-864D-5B6BD2CC3961}.Release|Any CPU.ActiveCfg = Release|Any CPU
		{C1762961-53CE-42D4-864D-5B6BD2CC3961}.Release|Any CPU.Build.0 = Release|Any CPU
		{86604EEE-F87C-41E6-A4D5-ADAE9173E796}.Debug|Any CPU.ActiveCfg = Debug|Any CPU
		{86604EEE-F87C-41E6-A4D5-ADAE9173E796}.Debug|Any CPU.Build.0 = Debug|Any CPU
		{86604EEE-F87C-41E6-A4D5-ADAE9173E796}.Release|Any CPU.ActiveCfg = Release|Any CPU
		{86604EEE-F87C-41E6-A4D5-ADAE9173E796}.Release|Any CPU.Build.0 = Release|Any CPU
		{B7BA315B-6D75-41BD-8CCD-1AF6AC3F8657}.Debug|Any CPU.ActiveCfg = Debug|Any CPU
		{B7BA315B-6D75-41BD-8CCD-1AF6AC3F8657}.Debug|Any CPU.Build.0 = Debug|Any CPU
		{B7BA315B-6D75-41BD-8CCD-1AF6AC3F8657}.Release|Any CPU.ActiveCfg = Release|Any CPU
		{B7BA315B-6D75-41BD-8CCD-1AF6AC3F8657}.Release|Any CPU.Build.0 = Release|Any CPU
		{B22B06F5-7602-4738-897A-586101AC58C2}.Debug|Any CPU.ActiveCfg = Debug|Any CPU
		{B22B06F5-7602-4738-897A-586101AC58C2}.Debug|Any CPU.Build.0 = Debug|Any CPU
		{B22B06F5-7602-4738-897A-586101AC58C2}.Release|Any CPU.ActiveCfg = Release|Any CPU
		{B22B06F5-7602-4738-897A-586101AC58C2}.Release|Any CPU.Build.0 = Release|Any CPU
		{31B4F50E-2945-4A4C-9CD6-1012A5011BCE}.Debug|Any CPU.ActiveCfg = Debug|Any CPU
		{31B4F50E-2945-4A4C-9CD6-1012A5011BCE}.Debug|Any CPU.Build.0 = Debug|Any CPU
		{31B4F50E-2945-4A4C-9CD6-1012A5011BCE}.Release|Any CPU.ActiveCfg = Release|Any CPU
		{31B4F50E-2945-4A4C-9CD6-1012A5011BCE}.Release|Any CPU.Build.0 = Release|Any CPU
		{E0BDCEF7-A949-45A1-9908-97983B5B05C6}.Debug|Any CPU.ActiveCfg = Debug|Any CPU
		{E0BDCEF7-A949-45A1-9908-97983B5B05C6}.Debug|Any CPU.Build.0 = Debug|Any CPU
		{E0BDCEF7-A949-45A1-9908-97983B5B05C6}.Release|Any CPU.ActiveCfg = Release|Any CPU
		{E0BDCEF7-A949-45A1-9908-97983B5B05C6}.Release|Any CPU.Build.0 = Release|Any CPU
		{32318D75-288F-4FC2-9EF2-709542898AA8}.Debug|Any CPU.ActiveCfg = Debug|Any CPU
		{32318D75-288F-4FC2-9EF2-709542898AA8}.Debug|Any CPU.Build.0 = Debug|Any CPU
		{32318D75-288F-4FC2-9EF2-709542898AA8}.Release|Any CPU.ActiveCfg = Release|Any CPU
		{32318D75-288F-4FC2-9EF2-709542898AA8}.Release|Any CPU.Build.0 = Release|Any CPU
		{55B26FE4-5E70-4A8E-AF81-25F1961D6838}.Debug|Any CPU.ActiveCfg = Debug|Any CPU
		{55B26FE4-5E70-4A8E-AF81-25F1961D6838}.Debug|Any CPU.Build.0 = Debug|Any CPU
		{55B26FE4-5E70-4A8E-AF81-25F1961D6838}.Release|Any CPU.ActiveCfg = Release|Any CPU
		{55B26FE4-5E70-4A8E-AF81-25F1961D6838}.Release|Any CPU.Build.0 = Release|Any CPU
		{AE2697B4-2A81-4805-9CA0-681ADCA70980}.Debug|Any CPU.ActiveCfg = Debug|Any CPU
		{AE2697B4-2A81-4805-9CA0-681ADCA70980}.Debug|Any CPU.Build.0 = Debug|Any CPU
		{AE2697B4-2A81-4805-9CA0-681ADCA70980}.Release|Any CPU.ActiveCfg = Release|Any CPU
		{AE2697B4-2A81-4805-9CA0-681ADCA70980}.Release|Any CPU.Build.0 = Release|Any CPU
		{67EB7076-9F32-4833-9717-7FBD67FEB053}.Debug|Any CPU.ActiveCfg = Debug|Any CPU
		{67EB7076-9F32-4833-9717-7FBD67FEB053}.Debug|Any CPU.Build.0 = Debug|Any CPU
		{67EB7076-9F32-4833-9717-7FBD67FEB053}.Release|Any CPU.ActiveCfg = Release|Any CPU
		{67EB7076-9F32-4833-9717-7FBD67FEB053}.Release|Any CPU.Build.0 = Release|Any CPU
		{420ED3C6-2217-4D61-88F0-8BD73D7CF8A5}.Debug|Any CPU.ActiveCfg = Debug|Any CPU
		{420ED3C6-2217-4D61-88F0-8BD73D7CF8A5}.Debug|Any CPU.Build.0 = Debug|Any CPU
		{420ED3C6-2217-4D61-88F0-8BD73D7CF8A5}.Release|Any CPU.ActiveCfg = Release|Any CPU
		{420ED3C6-2217-4D61-88F0-8BD73D7CF8A5}.Release|Any CPU.Build.0 = Release|Any CPU
		{8C07CE70-9FF0-4F12-855E-FAFD809928EF}.Debug|Any CPU.ActiveCfg = Debug|Any CPU
		{8C07CE70-9FF0-4F12-855E-FAFD809928EF}.Debug|Any CPU.Build.0 = Debug|Any CPU
		{8C07CE70-9FF0-4F12-855E-FAFD809928EF}.Release|Any CPU.ActiveCfg = Release|Any CPU
		{8C07CE70-9FF0-4F12-855E-FAFD809928EF}.Release|Any CPU.Build.0 = Release|Any CPU
		{37B805EF-95FC-4872-82AC-E6D470B13C1F}.Debug|Any CPU.ActiveCfg = Debug|Any CPU
		{37B805EF-95FC-4872-82AC-E6D470B13C1F}.Debug|Any CPU.Build.0 = Debug|Any CPU
		{37B805EF-95FC-4872-82AC-E6D470B13C1F}.Release|Any CPU.ActiveCfg = Release|Any CPU
		{37B805EF-95FC-4872-82AC-E6D470B13C1F}.Release|Any CPU.Build.0 = Release|Any CPU
		{08054AC9-4A4F-425C-B4EE-686FAAB2F448}.Debug|Any CPU.ActiveCfg = Debug|Any CPU
		{08054AC9-4A4F-425C-B4EE-686FAAB2F448}.Debug|Any CPU.Build.0 = Debug|Any CPU
		{08054AC9-4A4F-425C-B4EE-686FAAB2F448}.Release|Any CPU.ActiveCfg = Release|Any CPU
		{08054AC9-4A4F-425C-B4EE-686FAAB2F448}.Release|Any CPU.Build.0 = Release|Any CPU
		{462509A2-5643-4EF7-A8FA-FB3D26F9FA40}.Debug|Any CPU.ActiveCfg = Debug|Any CPU
		{462509A2-5643-4EF7-A8FA-FB3D26F9FA40}.Debug|Any CPU.Build.0 = Debug|Any CPU
		{462509A2-5643-4EF7-A8FA-FB3D26F9FA40}.Release|Any CPU.ActiveCfg = Release|Any CPU
		{462509A2-5643-4EF7-A8FA-FB3D26F9FA40}.Release|Any CPU.Build.0 = Release|Any CPU
		{FE96CEBD-0952-47CE-BECC-5A98B2C39302}.Debug|Any CPU.ActiveCfg = Debug|Any CPU
		{FE96CEBD-0952-47CE-BECC-5A98B2C39302}.Debug|Any CPU.Build.0 = Debug|Any CPU
		{FE96CEBD-0952-47CE-BECC-5A98B2C39302}.Release|Any CPU.ActiveCfg = Release|Any CPU
		{FE96CEBD-0952-47CE-BECC-5A98B2C39302}.Release|Any CPU.Build.0 = Release|Any CPU
		{7AF94DB0-6EEF-456D-98CF-ABA10D48E2F9}.Debug|Any CPU.ActiveCfg = Debug|Any CPU
		{7AF94DB0-6EEF-456D-98CF-ABA10D48E2F9}.Debug|Any CPU.Build.0 = Debug|Any CPU
		{7AF94DB0-6EEF-456D-98CF-ABA10D48E2F9}.Release|Any CPU.ActiveCfg = Release|Any CPU
		{7AF94DB0-6EEF-456D-98CF-ABA10D48E2F9}.Release|Any CPU.Build.0 = Release|Any CPU
		{AEA44547-E6C1-4B09-BD7A-E9053A161563}.Debug|Any CPU.ActiveCfg = Debug|Any CPU
		{AEA44547-E6C1-4B09-BD7A-E9053A161563}.Debug|Any CPU.Build.0 = Debug|Any CPU
		{AEA44547-E6C1-4B09-BD7A-E9053A161563}.Release|Any CPU.ActiveCfg = Release|Any CPU
		{AEA44547-E6C1-4B09-BD7A-E9053A161563}.Release|Any CPU.Build.0 = Release|Any CPU
		{6B4EAFBE-775C-495C-88FA-5C5CF8B5A71E}.Debug|Any CPU.ActiveCfg = Debug|Any CPU
		{6B4EAFBE-775C-495C-88FA-5C5CF8B5A71E}.Debug|Any CPU.Build.0 = Debug|Any CPU
		{6B4EAFBE-775C-495C-88FA-5C5CF8B5A71E}.Release|Any CPU.ActiveCfg = Release|Any CPU
		{6B4EAFBE-775C-495C-88FA-5C5CF8B5A71E}.Release|Any CPU.Build.0 = Release|Any CPU
		{580112D8-7C26-45C2-A642-D6A7269752F0}.Debug|Any CPU.ActiveCfg = Debug|Any CPU
		{580112D8-7C26-45C2-A642-D6A7269752F0}.Debug|Any CPU.Build.0 = Debug|Any CPU
		{580112D8-7C26-45C2-A642-D6A7269752F0}.Release|Any CPU.ActiveCfg = Release|Any CPU
		{580112D8-7C26-45C2-A642-D6A7269752F0}.Release|Any CPU.Build.0 = Release|Any CPU
		{E69C0A03-D039-4086-AC19-085C97AF1E20}.Debug|Any CPU.ActiveCfg = Debug|Any CPU
		{E69C0A03-D039-4086-AC19-085C97AF1E20}.Debug|Any CPU.Build.0 = Debug|Any CPU
		{E69C0A03-D039-4086-AC19-085C97AF1E20}.Release|Any CPU.ActiveCfg = Release|Any CPU
		{E69C0A03-D039-4086-AC19-085C97AF1E20}.Release|Any CPU.Build.0 = Release|Any CPU
		{A19F9A84-63C2-49D2-8710-DB4DCC728384}.Debug|Any CPU.ActiveCfg = Debug|Any CPU
		{A19F9A84-63C2-49D2-8710-DB4DCC728384}.Debug|Any CPU.Build.0 = Debug|Any CPU
		{A19F9A84-63C2-49D2-8710-DB4DCC728384}.Release|Any CPU.ActiveCfg = Release|Any CPU
		{A19F9A84-63C2-49D2-8710-DB4DCC728384}.Release|Any CPU.Build.0 = Release|Any CPU
		{54BDB318-8BA2-4DFD-BD8B-F948D1FC26F6}.Debug|Any CPU.ActiveCfg = Debug|Any CPU
		{54BDB318-8BA2-4DFD-BD8B-F948D1FC26F6}.Debug|Any CPU.Build.0 = Debug|Any CPU
		{54BDB318-8BA2-4DFD-BD8B-F948D1FC26F6}.Release|Any CPU.ActiveCfg = Release|Any CPU
		{54BDB318-8BA2-4DFD-BD8B-F948D1FC26F6}.Release|Any CPU.Build.0 = Release|Any CPU
		{0964341D-9700-48E9-97EC-F1C4D235EC07}.Debug|Any CPU.ActiveCfg = Debug|Any CPU
		{0964341D-9700-48E9-97EC-F1C4D235EC07}.Debug|Any CPU.Build.0 = Debug|Any CPU
		{0964341D-9700-48E9-97EC-F1C4D235EC07}.Release|Any CPU.ActiveCfg = Release|Any CPU
		{0964341D-9700-48E9-97EC-F1C4D235EC07}.Release|Any CPU.Build.0 = Release|Any CPU
	EndGlobalSection
	GlobalSection(SolutionProperties) = preSolution
		HideSolutionNode = FALSE
	EndGlobalSection
	GlobalSection(ExtensibilityGlobals) = postSolution
		SolutionGuid = {7296F190-9D7A-48A1-811B-DF56A96E4CF8}
	EndGlobalSection
EndGlobal
